
Microsoft Visual Studio Solution File, Format Version 12.00
# Visual Studio 14
VisualStudioVersion = 14.0.25420.1
MinimumVisualStudioVersion = 10.0.40219.1
Project("{8BC9CEB8-8B4A-11D0-8D11-00A0C91BC942}") = "ReClass", "ReClass\ReClass 2016.vcxproj", "{FA80DCEB-16C4-43D1-8451-6EE506D5FF82}"
EndProject
Project("{8BC9CEB8-8B4A-11D0-8D11-00A0C91BC942}") = "TestPlugin", "TestPlugin\TestPlugin\TestPlugin.vcxproj", "{1C466572-2001-4FA9-B4EB-D4A819D802E8}"
	ProjectSection(ProjectDependencies) = postProject
		{FA80DCEB-16C4-43D1-8451-6EE506D5FF82} = {FA80DCEB-16C4-43D1-8451-6EE506D5FF82}
	EndProjectSection
EndProject
Project("{8BC9CEB8-8B4A-11D0-8D11-00A0C91BC942}") = "DriverPlugin", "DriverPlugin\DriverPlugin\DriverPlugin.vcxproj", "{F8C39F1D-DEEF-4224-8DC4-9C56F694DBB7}"
EndProject
Global
	GlobalSection(SolutionConfigurationPlatforms) = preSolution
		Debug|Win32 = Debug|Win32
		Debug|x64 = Debug|x64
		Release|Win32 = Release|Win32
		Release|x64 = Release|x64
	EndGlobalSection
	GlobalSection(ProjectConfigurationPlatforms) = postSolution
		{FA80DCEB-16C4-43D1-8451-6EE506D5FF82}.Debug|Win32.ActiveCfg = Debug|Win32
		{FA80DCEB-16C4-43D1-8451-6EE506D5FF82}.Debug|Win32.Build.0 = Debug|Win32
		{FA80DCEB-16C4-43D1-8451-6EE506D5FF82}.Debug|x64.ActiveCfg = Debug|x64
		{FA80DCEB-16C4-43D1-8451-6EE506D5FF82}.Debug|x64.Build.0 = Debug|x64
		{FA80DCEB-16C4-43D1-8451-6EE506D5FF82}.Release|Win32.ActiveCfg = Release|Win32
		{FA80DCEB-16C4-43D1-8451-6EE506D5FF82}.Release|Win32.Build.0 = Release|Win32
		{FA80DCEB-16C4-43D1-8451-6EE506D5FF82}.Release|x64.ActiveCfg = Release|x64
		{FA80DCEB-16C4-43D1-8451-6EE506D5FF82}.Release|x64.Build.0 = Release|x64
		{1C466572-2001-4FA9-B4EB-D4A819D802E8}.Debug|Win32.ActiveCfg = Debug|Win32
		{1C466572-2001-4FA9-B4EB-D4A819D802E8}.Debug|Win32.Build.0 = Debug|Win32
		{1C466572-2001-4FA9-B4EB-D4A819D802E8}.Debug|x64.ActiveCfg = Debug|x64
		{1C466572-2001-4FA9-B4EB-D4A819D802E8}.Release|Win32.ActiveCfg = Release|Win32
		{1C466572-2001-4FA9-B4EB-D4A819D802E8}.Release|Win32.Build.0 = Release|Win32
		{1C466572-2001-4FA9-B4EB-D4A819D802E8}.Release|x64.ActiveCfg = Release|x64
		{1C466572-2001-4FA9-B4EB-D4A819D802E8}.Release|x64.Build.0 = Release|x64
		{F8C39F1D-DEEF-4224-8DC4-9C56F694DBB7}.Debug|Win32.ActiveCfg = Debug|Win32
		{F8C39F1D-DEEF-4224-8DC4-9C56F694DBB7}.Debug|Win32.Build.0 = Debug|Win32
		{F8C39F1D-DEEF-4224-8DC4-9C56F694DBB7}.Debug|x64.ActiveCfg = Debug|x64
		{F8C39F1D-DEEF-4224-8DC4-9C56F694DBB7}.Debug|x64.Build.0 = Debug|x64
		{F8C39F1D-DEEF-4224-8DC4-9C56F694DBB7}.Release|Win32.ActiveCfg = Release|Win32
		{F8C39F1D-DEEF-4224-8DC4-9C56F694DBB7}.Release|Win32.Build.0 = Release|Win32
		{F8C39F1D-DEEF-4224-8DC4-9C56F694DBB7}.Release|x64.ActiveCfg = Release|x64
		{F8C39F1D-DEEF-4224-8DC4-9C56F694DBB7}.Release|x64.Build.0 = Release|x64
	EndGlobalSection
	GlobalSection(SolutionProperties) = preSolution
		HideSolutionNode = FALSE
	EndGlobalSection
EndGlobal
