<?xml version="1.0" encoding="utf-8"?>
<Project ToolsVersion="4.0" xmlns="http://schemas.microsoft.com/developer/msbuild/2003">
  <ItemGroup>
    <Filter Include="Source Files">
      <UniqueIdentifier>{4FC737F1-C7A5-4376-A066-2A32D752A2FF}</UniqueIdentifier>
      <Extensions>cpp;c;cc;cxx;def;odl;idl;hpj;bat;asm;asmx</Extensions>
    </Filter>
    <Filter Include="Header Files">
      <UniqueIdentifier>{93995380-89BD-4b04-88EB-625FBE52EBFB}</UniqueIdentifier>
      <Extensions>h;hpp;hxx;hm;inl;inc;xsd</Extensions>
    </Filter>
    <Filter Include="Resource Files">
      <UniqueIdentifier>{67DA6AB6-F800-4c08-8B7A-83BB121AAD01}</UniqueIdentifier>
      <Extensions>rc;ico;cur;bmp;dlg;rc2;rct;bin;rgs;gif;jpg;jpeg;jpe;resx;tiff;tif;png;wav</Extensions>
    </Filter>
  </ItemGroup>
  <ItemGroup>
    <ClCompile Include="..\sqlite-source\where.c">
      <Filter>Source Files</Filter>
    </ClCompile>
    <ClCompile Include="..\sqlite-source\vtab.c">
      <Filter>Source Files</Filter>
    </ClCompile>
    <ClCompile Include="..\sqlite-source\vdbemem.c">
      <Filter>Source Files</Filter>
    </ClCompile>
    <ClCompile Include="..\sqlite-source\vdbefifo.c">
      <Filter>Source Files</Filter>
    </ClCompile>
    <ClCompile Include="..\sqlite-source\vdbeblob.c">
      <Filter>Source Files</Filter>
    </ClCompile>
    <ClCompile Include="..\sqlite-source\vdbeaux.c">
      <Filter>Source Files</Filter>
    </ClCompile>
    <ClCompile Include="..\sqlite-source\vdbeapi.c">
      <Filter>Source Files</Filter>
    </ClCompile>
    <ClCompile Include="..\sqlite-source\vdbe.c">
      <Filter>Source Files</Filter>
    </ClCompile>
    <ClCompile Include="..\sqlite-source\vacuum.c">
      <Filter>Source Files</Filter>
    </ClCompile>
    <ClCompile Include="..\sqlite-source\util.c">
      <Filter>Source Files</Filter>
    </ClCompile>
    <ClCompile Include="..\sqlite-source\utf.c">
      <Filter>Source Files</Filter>
    </ClCompile>
    <ClCompile Include="..\sqlite-source\update.c">
      <Filter>Source Files</Filter>
    </ClCompile>
    <ClCompile Include="..\sqlite-source\trigger.c">
      <Filter>Source Files</Filter>
    </ClCompile>
    <ClCompile Include="..\sqlite-source\tokenize.c">
      <Filter>Source Files</Filter>
    </ClCompile>
    <ClCompile Include="..\sqlite-source\table.c">
      <Filter>Source Files</Filter>
    </ClCompile>
    <ClCompile Include="..\sqlite-source\shell.c">
      <Filter>Source Files</Filter>
    </ClCompile>
    <ClCompile Include="..\sqlite-source\select.c">
      <Filter>Source Files</Filter>
    </ClCompile>
    <ClCompile Include="..\sqlite-source\random.c">
      <Filter>Source Files</Filter>
    </ClCompile>
    <ClCompile Include="..\sqlite-source\printf.c">
      <Filter>Source Files</Filter>
    </ClCompile>
    <ClCompile Include="..\sqlite-source\prepare.c">
      <Filter>Source Files</Filter>
    </ClCompile>
    <ClCompile Include="..\sqlite-source\pragma.c">
      <Filter>Source Files</Filter>
    </ClCompile>
    <ClCompile Include="..\sqlite-source\parse.c">
      <Filter>Source Files</Filter>
    </ClCompile>
    <ClCompile Include="..\sqlite-source\pager.c">
      <Filter>Source Files</Filter>
    </ClCompile>
    <ClCompile Include="..\sqlite-source\os_win.c">
      <Filter>Source Files</Filter>
    </ClCompile>
    <ClCompile Include="..\sqlite-source\os_unix.c">
      <Filter>Source Files</Filter>
    </ClCompile>
    <ClCompile Include="..\sqlite-source\os_os2.c">
      <Filter>Source Files</Filter>
    </ClCompile>
    <ClCompile Include="..\sqlite-source\os.c">
      <Filter>Source Files</Filter>
    </ClCompile>
    <ClCompile Include="..\sqlite-source\opcodes.c">
      <Filter>Source Files</Filter>
    </ClCompile>
    <ClCompile Include="..\sqlite-source\mutex_w32.c">
      <Filter>Source Files</Filter>
    </ClCompile>
    <ClCompile Include="..\sqlite-source\mutex_unix.c">
      <Filter>Source Files</Filter>
    </ClCompile>
    <ClCompile Include="..\sqlite-source\mutex_os2.c">
      <Filter>Source Files</Filter>
    </ClCompile>
    <ClCompile Include="..\sqlite-source\mutex.c">
      <Filter>Source Files</Filter>
    </ClCompile>
    <ClCompile Include="..\sqlite-source\mem2.c">
      <Filter>Source Files</Filter>
    </ClCompile>
    <ClCompile Include="..\sqlite-source\mem1.c">
      <Filter>Source Files</Filter>
    </ClCompile>
    <ClCompile Include="..\sqlite-source\malloc.c">
      <Filter>Source Files</Filter>
    </ClCompile>
    <ClCompile Include="..\sqlite-source\main.c">
      <Filter>Source Files</Filter>
    </ClCompile>
    <ClCompile Include="..\sqlite-source\loadext.c">
      <Filter>Source Files</Filter>
    </ClCompile>
    <ClCompile Include="..\sqlite-source\legacy.c">
      <Filter>Source Files</Filter>
    </ClCompile>
    <ClCompile Include="..\sqlite-source\journal.c">
      <Filter>Source Files</Filter>
    </ClCompile>
    <ClCompile Include="..\sqlite-source\insert.c">
      <Filter>Source Files</Filter>
    </ClCompile>
    <ClCompile Include="..\sqlite-source\hash.c">
      <Filter>Source Files</Filter>
    </ClCompile>
    <ClCompile Include="..\sqlite-source\func.c">
      <Filter>Source Files</Filter>
    </ClCompile>
    <ClCompile Include="..\sqlite-source\expr.c">
      <Filter>Source Files</Filter>
    </ClCompile>
    <ClCompile Include="..\sqlite-source\delete.c">
      <Filter>Source Files</Filter>
    </ClCompile>
    <ClCompile Include="..\sqlite-source\date.c">
      <Filter>Source Files</Filter>
    </ClCompile>
    <ClCompile Include="..\sqlite-source\complete.c">
      <Filter>Source Files</Filter>
    </ClCompile>
    <ClCompile Include="..\sqlite-source\callback.c">
      <Filter>Source Files</Filter>
    </ClCompile>
    <ClCompile Include="..\sqlite-source\build.c">
      <Filter>Source Files</Filter>
    </ClCompile>
    <ClCompile Include="..\sqlite-source\btree.c">
      <Filter>Source Files</Filter>
    </ClCompile>
    <ClCompile Include="..\sqlite-source\btmutex.c">
      <Filter>Source Files</Filter>
    </ClCompile>
    <ClCompile Include="..\sqlite-source\auth.c">
      <Filter>Source Files</Filter>
    </ClCompile>
    <ClCompile Include="..\sqlite-source\attach.c">
      <Filter>Source Files</Filter>
    </ClCompile>
    <ClCompile Include="..\sqlite-source\alter.c">
      <Filter>Source Files</Filter>
    </ClCompile>
    <ClCompile Include="..\sqlite-source\analyze.c">
      <Filter>Source Files</Filter>
    </ClCompile>
  </ItemGroup>
  <ItemGroup>
    <ClInclude Include="..\sqlite-source\vdbeInt.h">
      <Filter>Source Files</Filter>
    </ClInclude>
    <ClInclude Include="..\sqlite-source\vdbe.h">
      <Filter>Source Files</Filter>
    </ClInclude>
    <ClInclude Include="..\sqlite-source\sqliteLimit.h">
      <Filter>Source Files</Filter>
    </ClInclude>
    <ClInclude Include="..\sqlite-source\sqliteInt.h">
      <Filter>Source Files</Filter>
    </ClInclude>
    <ClInclude Include="..\sqlite-source\sqlite3ext.h">
      <Filter>Source Files</Filter>
    </ClInclude>
    <ClInclude Include="..\sqlite-source\sqlite3.h">
      <Filter>Source Files</Filter>
    </ClInclude>
    <ClInclude Include="..\sqlite-source\parse.h">
      <Filter>Source Files</Filter>
    </ClInclude>
    <ClInclude Include="..\sqlite-source\pager.h">
      <Filter>Source Files</Filter>
    </ClInclude>
    <ClInclude Include="..\sqlite-source\os_common.h">
      <Filter>Source Files</Filter>
    </ClInclude>
    <ClInclude Include="..\sqlite-source\os.h">
      <Filter>Source Files</Filter>
    </ClInclude>
    <ClInclude Include="..\sqlite-source\opcodes.h">
      <Filter>Source Files</Filter>
    </ClInclude>
    <ClInclude Include="..\sqlite-source\mutex.h">
      <Filter>Source Files</Filter>
    </ClInclude>
    <ClInclude Include="..\sqlite-source\keywordhash.h">
      <Filter>Source Files</Filter>
    </ClInclude>
    <ClInclude Include="..\sqlite-source\hash.h">
      <Filter>Source Files</Filter>
    </ClInclude>
    <ClInclude Include="..\sqlite-source\btreeInt.h">
      <Filter>Source Files</Filter>
    </ClInclude>
    <ClInclude Include="..\sqlite-source\btree.h">
      <Filter>Source Files</Filter>
    </ClInclude>
  </ItemGroup>
</Project>