
Microsoft Visual Studio Solution File, Format Version 11.00
# Visual Studio 2014
Project("{8BC9CEB8-8B4A-11D0-8D11-00A0C91BC942}") = "SciLexer", "SciLexer.vcxproj", "{34F6AE42-41FB-E370-A454-E5FF1184C41F}"
EndProject
Global
	GlobalSection(SolutionConfigurationPlatforms) = preSolution
		Debug|Win32 = Debug|Win32
		Debug|x64 = Debug|x64
		Release|Win32 = Release|Win32
		Release|x64 = Release|x64
		Template|Win32 = Template|Win32
		Template|x64 = Template|x64
	EndGlobalSection
	GlobalSection(ProjectConfigurationPlatforms) = postSolution
		{34F6AE42-41FB-E370-A454-E5FF1184C41F}.Debug|Win32.ActiveCfg = Debug|Win32
		{34F6AE42-41FB-E370-A454-E5FF1184C41F}.Debug|Win32.Build.0 = Debug|Win32
		{34F6AE42-41FB-E370-A454-E5FF1184C41F}.Debug|x64.ActiveCfg = Debug|x64
		{34F6AE42-41FB-E370-A454-E5FF1184C41F}.Debug|x64.Build.0 = Debug|x64
		{34F6AE42-41FB-E370-A454-E5FF1184C41F}.Release|Win32.ActiveCfg = Release|Win32
		{34F6AE42-41FB-E370-A454-E5FF1184C41F}.Release|Win32.Build.0 = Release|Win32
		{34F6AE42-41FB-E370-A454-E5FF1184C41F}.Release|x64.ActiveCfg = Release|x64
		{34F6AE42-41FB-E370-A454-E5FF1184C41F}.Release|x64.Build.0 = Release|x64
		{34F6AE42-41FB-E370-A454-E5FF1184C41F}.Template|Win32.ActiveCfg = Template|Win32
		{34F6AE42-41FB-E370-A454-E5FF1184C41F}.Template|Win32.Build.0 = Template|Win32
		{34F6AE42-41FB-E370-A454-E5FF1184C41F}.Template|x64.ActiveCfg = Template|x64
		{34F6AE42-41FB-E370-A454-E5FF1184C41F}.Template|x64.Build.0 = Template|x64
	EndGlobalSection
	GlobalSection(SolutionProperties) = preSolution
		HideSolutionNode = FALSE
	EndGlobalSection
EndGlobal
