<?xml version="1.0" encoding="utf-8"?>
<Project ToolsVersion="4.0" xmlns="http://schemas.microsoft.com/developer/msbuild/2003">
  <ItemGroup>
    <Filter Include="Source Files">
      <UniqueIdentifier>{4FC737F1-C7A5-4376-A066-2A32D752A2FF}</UniqueIdentifier>
      <Extensions>cpp;c;cc;cxx;def;odl;idl;hpj;bat;asm;asmx</Extensions>
    </Filter>
    <Filter Include="Header Files">
      <UniqueIdentifier>{93995380-89BD-4b04-88EB-625FBE52EBFB}</UniqueIdentifier>
      <Extensions>h;hpp;hxx;hm;inl;inc;xsd</Extensions>
    </Filter>
    <Filter Include="Resource Files">
      <UniqueIdentifier>{67DA6AB6-F800-4c08-8B7A-83BB121AAD01}</UniqueIdentifier>
      <Extensions>rc;ico;cur;bmp;dlg;rc2;rct;bin;rgs;gif;jpg;jpeg;jpe;resx;tiff;tif;png;wav;mfcribbon-ms</Extensions>
    </Filter>
    <Filter Include="Source Files\XML">
      <UniqueIdentifier>{052148ca-0867-4973-aac5-5d8a4b6dbd4c}</UniqueIdentifier>
    </Filter>
    <Filter Include="Header Files\XML">
      <UniqueIdentifier>{4edc43fb-0fb0-4d4a-a7cf-c7e4563deff1}</UniqueIdentifier>
    </Filter>
  </ItemGroup>
  <ItemGroup>
    <None Include="res\output_wnd.ico">
      <Filter>Resource Files</Filter>
    </None>
    <None Include="res\output_wnd_hc.ico">
      <Filter>Resource Files</Filter>
    </None>
    <None Include="res\buttons.bmp">
      <Filter>Resource Files</Filter>
    </None>
    <None Include="res\filelarge.bmp">
      <Filter>Resource Files</Filter>
    </None>
    <None Include="res\filesmall.bmp">
      <Filter>Resource Files</Filter>
    </None>
    <None Include="res\main.bmp">
      <Filter>Resource Files</Filter>
    </None>
    <None Include="res\writelarge.bmp">
      <Filter>Resource Files</Filter>
    </None>
    <None Include="res\writesmall.bmp">
      <Filter>Resource Files</Filter>
    </None>
    <None Include="res\ribbon.mfcribbon-ms">
      <Filter>Resource Files</Filter>
    </None>
    <None Include="res\icon1.ico">
      <Filter>Resource Files</Filter>
    </None>
    <None Include="..\Images\general_class_VS.ico">
      <Filter>Resource Files</Filter>
    </None>
    <None Include="..\Images\general_method_VS.ico">
      <Filter>Resource Files</Filter>
    </None>
    <None Include="..\Images\open.ico">
      <Filter>Resource Files</Filter>
    </None>
    <None Include="..\Images\closed.ico">
      <Filter>Resource Files</Filter>
    </None>
    <None Include="..\Images\general_interface_VS.ico">
      <Filter>Resource Files</Filter>
    </None>
    <None Include="..\Images\close.ico">
      <Filter>Resource Files</Filter>
    </None>
    <None Include="..\Images\add.ico">
      <Filter>Resource Files</Filter>
    </None>
    <None Include="..\Images\speles_random_ico.ico">
      <Filter>Resource Files</Filter>
    </None>
    <None Include="..\Images\arrow_icon.ico">
      <Filter>Resource Files</Filter>
    </None>
    <None Include="..\Images\pointer.ico">
      <Filter>Resource Files</Filter>
    </None>
    <None Include="..\Images\array.ico">
      <Filter>Resource Files</Filter>
    </None>
    <None Include="..\Images\custom.ico">
      <Filter>Resource Files</Filter>
    </None>
    <None Include="..\Images\enum.ico">
      <Filter>Resource Files</Filter>
    </None>
    <None Include="..\Images\float.ico">
      <Filter>Resource Files</Filter>
    </None>
    <None Include="..\Images\left.ico">
      <Filter>Resource Files</Filter>
    </None>
    <None Include="..\Images\right.ico">
      <Filter>Resource Files</Filter>
    </None>
    <None Include="..\Images\matrix.ico">
      <Filter>Resource Files</Filter>
    </None>
    <None Include="..\Images\signed.ico">
      <Filter>Resource Files</Filter>
    </None>
    <None Include="..\Images\text.ico">
      <Filter>Resource Files</Filter>
    </None>
    <None Include="..\Images\unsigned.ico">
      <Filter>Resource Files</Filter>
    </None>
    <None Include="..\Images\vector.ico">
      <Filter>Resource Files</Filter>
    </None>
    <None Include="..\Images\icon.ico">
      <Filter>Resource Files</Filter>
    </None>
    <None Include="..\Images\icon.bmp">
      <Filter>Resource Files</Filter>
    </None>
    <None Include="..\Images\button.bmp">
      <Filter>Resource Files</Filter>
    </None>
    <None Include="..\Images\about.bmp">
      <Filter>Resource Files</Filter>
    </None>
    <None Include="..\Images\exchange.ico">
      <Filter>Resource Files</Filter>
    </None>
    <None Include="..\Images\camera.ico">
      <Filter>Resource Files</Filter>
    </None>
    <None Include="res\classicon.bmp">
      <Filter>Resource Files</Filter>
    </None>
    <None Include="..\Images\reclass.png">
      <Filter>Resource Files</Filter>
    </None>
  </ItemGroup>
  <ItemGroup>
    <ClInclude Include="stdafx.h">
      <Filter>Header Files</Filter>
    </ClInclude>
    <ClInclude Include="targetver.h">
      <Filter>Header Files</Filter>
    </ClInclude>
    <ClInclude Include="MainFrm.h">
      <Filter>Header Files</Filter>
    </ClInclude>
    <ClInclude Include="ChildFrm.h">
      <Filter>Header Files</Filter>
    </ClInclude>
    <ClInclude Include="ChildView.h">
      <Filter>Header Files</Filter>
    </ClInclude>
    <ClInclude Include="Resource.h">
      <Filter>Header Files</Filter>
    </ClInclude>
    <ClInclude Include="Classes.h">
      <Filter>Header Files</Filter>
    </ClInclude>
    <ClInclude Include="..\SQLite\CppSQLite3.h">
      <Filter>Header Files</Filter>
    </ClInclude>
    <ClInclude Include="DialogTypes.h">
      <Filter>Header Files</Filter>
    </ClInclude>
    <ClInclude Include="DialogEdit.h">
      <Filter>Header Files</Filter>
    </ClInclude>
    <ClInclude Include="Debug.h">
      <Filter>Header Files</Filter>
    </ClInclude>
    <ClInclude Include="DialogClasses.h">
      <Filter>Header Files</Filter>
    </ClInclude>
    <ClInclude Include="SDK.h">
      <Filter>Header Files</Filter>
    </ClInclude>
    <ClInclude Include="ReClass2015.h">
      <Filter>Header Files</Filter>
    </ClInclude>
    <ClInclude Include="bits.h">
      <Filter>Header Files</Filter>
    </ClInclude>
    <ClInclude Include="Utils.h">
      <Filter>Header Files</Filter>
    </ClInclude>
    <ClInclude Include="nt_ddk.h">
      <Filter>Header Files</Filter>
    </ClInclude>
    <ClInclude Include="CMemory.h">
      <Filter>Header Files</Filter>
    </ClInclude>
    <ClInclude Include="tinyxml2.h">
      <Filter>Header Files\XML</Filter>
    </ClInclude>
    <ClInclude Include="DialogAbout.h">
      <Filter>Header Files</Filter>
    </ClInclude>
    <ClInclude Include="DialogModules.h">
      <Filter>Header Files</Filter>
    </ClInclude>
    <ClInclude Include="DialogConsole.h">
      <Filter>Header Files</Filter>
    </ClInclude>
    <ClInclude Include="DialogPlugins.h">
      <Filter>Header Files</Filter>
    </ClInclude>
    <ClInclude Include="DialogProcSelect.h">
      <Filter>Header Files</Filter>
    </ClInclude>
    <ClInclude Include="Symbols.h">
      <Filter>Header Files</Filter>
    </ClInclude>
    <ClInclude Include="SymbolReader.h">
      <Filter>Header Files</Filter>
    </ClInclude>
  </ItemGroup>
  <ItemGroup>
    <ClCompile Include="stdafx.cpp">
      <Filter>Source Files</Filter>
    </ClCompile>
    <ClCompile Include="MainFrm.cpp">
      <Filter>Source Files</Filter>
    </ClCompile>
    <ClCompile Include="ChildFrm.cpp">
      <Filter>Source Files</Filter>
    </ClCompile>
    <ClCompile Include="ChildView.cpp">
      <Filter>Source Files</Filter>
    </ClCompile>
    <ClCompile Include="..\SQLite\CppSQLite3.cpp">
      <Filter>Source Files</Filter>
    </ClCompile>
    <ClCompile Include="DialogTypes.cpp">
      <Filter>Source Files</Filter>
    </ClCompile>
    <ClCompile Include="DialogEdit.cpp">
      <Filter>Source Files</Filter>
    </ClCompile>
    <ClCompile Include="DialogClasses.cpp">
      <Filter>Source Files</Filter>
    </ClCompile>
    <ClCompile Include="ReClass2015.cpp">
      <Filter>Source Files</Filter>
    </ClCompile>
    <ClCompile Include="tinyxml2.cpp">
      <Filter>Source Files\XML</Filter>
    </ClCompile>
    <ClCompile Include="DialogModules.cpp">
      <Filter>Source Files</Filter>
    </ClCompile>
    <ClCompile Include="DialogConsole.cpp">
      <Filter>Source Files</Filter>
    </ClCompile>
    <ClCompile Include="DialogPlugins.cpp">
      <Filter>Source Files</Filter>
    </ClCompile>
    <ClCompile Include="DialogProcSelect.cpp">
      <Filter>Source Files</Filter>
    </ClCompile>
    <ClCompile Include="Utils.cpp">
      <Filter>Source Files</Filter>
    </ClCompile>
    <ClCompile Include="Symbols.cpp">
      <Filter>Source Files</Filter>
    </ClCompile>
    <ClCompile Include="SymbolReader.cpp">
      <Filter>Source Files</Filter>
    </ClCompile>
  </ItemGroup>
  <ItemGroup>
    <ResourceCompile Include="ReClass2015.rc">
      <Filter>Resource Files</Filter>
    </ResourceCompile>
  </ItemGroup>
  <ItemGroup>
    <Image Include="res\menu_modify.bmp">
      <Filter>Resource Files</Filter>
    </Image>
    <Image Include="res\home_large.bmp">
      <Filter>Resource Files</Filter>
    </Image>
    <Image Include="res\home_small.bmp">
      <Filter>Resource Files</Filter>
    </Image>
    <Image Include="res\mainframe.bmp">
      <Filter>Resource Files</Filter>
    </Image>
    <Image Include="res\mainframe256.bmp">
      <Filter>Resource Files</Filter>
    </Image>
    <Image Include="res\file_small.bmp">
      <Filter>Resource Files</Filter>
    </Image>
    <Image Include="res\file_large.bmp">
      <Filter>Resource Files</Filter>
    </Image>
  </ItemGroup>
</Project>